// !$*UTF8*$!
{
	archiveVersion = 1;
	classes = {
	};
	objectVersion = 52;
	objects = {

/* Begin PBXBuildFile section */
		11026FFE1B8264A7CF2375C8 /* Pods_ApplePodcastClone_ApplePodcastCloneUITests.framework in Frameworks */ = {isa = PBXBuildFile; fileRef = DD483F4F94A310365B3514BE /* Pods_ApplePodcastClone_ApplePodcastCloneUITests.framework */; };
		25C668D8078418DBD1FA3023 /* Pods_ApplePodcastCloneTests.framework in Frameworks */ = {isa = PBXBuildFile; fileRef = 73B782F464A8B1FF64B983EC /* Pods_ApplePodcastCloneTests.framework */; };
		280BA0AA26678F3300FD380A /* UIKit+Extensions.swift in Sources */ = {isa = PBXBuildFile; fileRef = 280BA0A926678F3300FD380A /* UIKit+Extensions.swift */; };
		280BA0AF26679A1000FD380A /* VStackView.swift in Sources */ = {isa = PBXBuildFile; fileRef = 280BA0AE26679A1000FD380A /* VStackView.swift */; };
		280BA0B82667D3A500FD380A /* SDWebImage in Frameworks */ = {isa = PBXBuildFile; productRef = 280BA0B72667D3A500FD380A /* SDWebImage */; };
		280BA0BE2667D71800FD380A /* PodcastCell.swift in Sources */ = {isa = PBXBuildFile; fileRef = 280BA0BD2667D71800FD380A /* PodcastCell.swift */; };
		280BA0C32667EFF800FD380A /* UITableView+Extensions.swift in Sources */ = {isa = PBXBuildFile; fileRef = 280BA0C22667EFF700FD380A /* UITableView+Extensions.swift */; };
		281391AA267A69A300E57D4C /* CMTime + Extensions.swift in Sources */ = {isa = PBXBuildFile; fileRef = 281391A9267A69A300E57D4C /* CMTime + Extensions.swift */; };
		2817B7A726660C7B0055B269 /* PodcastSearchViewController.swift in Sources */ = {isa = PBXBuildFile; fileRef = 2817B7A626660C7B0055B269 /* PodcastSearchViewController.swift */; };
		2817B7AC26660CF70055B269 /* Podcast.swift in Sources */ = {isa = PBXBuildFile; fileRef = 2817B7AB26660CF70055B269 /* Podcast.swift */; };
		2817B7B126660E140055B269 /* UIView+Layout.swift in Sources */ = {isa = PBXBuildFile; fileRef = 2817B7B026660E140055B269 /* UIView+Layout.swift */; };
		2817B7B6266639A40055B269 /* NetworkService.swift in Sources */ = {isa = PBXBuildFile; fileRef = 2817B7B5266639A40055B269 /* NetworkService.swift */; };
		2817B7BC26668B260055B269 /* PodcastSearchViewModel.swift in Sources */ = {isa = PBXBuildFile; fileRef = 2817B7BB26668B260055B269 /* PodcastSearchViewModel.swift */; };
		2817B7C126668B4F0055B269 /* Bindable.swift in Sources */ = {isa = PBXBuildFile; fileRef = 2817B7C026668B4F0055B269 /* Bindable.swift */; };
		2828FBAD2675F844006B15FC /* EpisodeCell.swift in Sources */ = {isa = PBXBuildFile; fileRef = 2828FBAC2675F844006B15FC /* EpisodeCell.swift */; };
		2828FBB22675F8E2006B15FC /* Date + Extensions.swift in Sources */ = {isa = PBXBuildFile; fileRef = 2828FBB12675F8E2006B15FC /* Date + Extensions.swift */; };
		2828FBB72676545A006B15FC /* PlayerView.swift in Sources */ = {isa = PBXBuildFile; fileRef = 2828FBB62676545A006B15FC /* PlayerView.swift */; };
		28414E1D266287040091EE03 /* AppDelegate.swift in Sources */ = {isa = PBXBuildFile; fileRef = 28414E1C266287040091EE03 /* AppDelegate.swift */; };
		28414E1F266287040091EE03 /* SceneDelegate.swift in Sources */ = {isa = PBXBuildFile; fileRef = 28414E1E266287040091EE03 /* SceneDelegate.swift */; };
		28414E21266287040091EE03 /* ViewController.swift in Sources */ = {isa = PBXBuildFile; fileRef = 28414E20266287040091EE03 /* ViewController.swift */; };
		28414E262662870C0091EE03 /* Assets.xcassets in Resources */ = {isa = PBXBuildFile; fileRef = 28414E252662870C0091EE03 /* Assets.xcassets */; };
		28414E292662870C0091EE03 /* LaunchScreen.storyboard in Resources */ = {isa = PBXBuildFile; fileRef = 28414E272662870C0091EE03 /* LaunchScreen.storyboard */; };
		28414E342662870E0091EE03 /* ApplePodcastCloneTests.swift in Sources */ = {isa = PBXBuildFile; fileRef = 28414E332662870E0091EE03 /* ApplePodcastCloneTests.swift */; };
		28414E3F2662870E0091EE03 /* ApplePodcastCloneUITests.swift in Sources */ = {isa = PBXBuildFile; fileRef = 28414E3E2662870E0091EE03 /* ApplePodcastCloneUITests.swift */; };
		287A33892668FFD300F3FCD2 /* SearchPodcastsUITest.swift in Sources */ = {isa = PBXBuildFile; fileRef = 287A33882668FFD300F3FCD2 /* SearchPodcastsUITest.swift */; };
		288A083A266A998000CEE74C /* EndPoints.swift in Sources */ = {isa = PBXBuildFile; fileRef = 288A0839266A998000CEE74C /* EndPoints.swift */; };
		28BE18E22674BAC0003C8C52 /* EpisodesController.swift in Sources */ = {isa = PBXBuildFile; fileRef = 28BE18E12674BAC0003C8C52 /* EpisodesController.swift */; };
		28BE18EB267518E3003C8C52 /* FeedKit in Frameworks */ = {isa = PBXBuildFile; productRef = 28BE18EA267518E3003C8C52 /* FeedKit */; };
		28BE18F026751BEC003C8C52 /* EpisodesViewModel.swift in Sources */ = {isa = PBXBuildFile; fileRef = 28BE18EF26751BEC003C8C52 /* EpisodesViewModel.swift */; };
		28BE18FA26752892003C8C52 /* String + Extensions.swift in Sources */ = {isa = PBXBuildFile; fileRef = 28BE18F926752892003C8C52 /* String + Extensions.swift */; };
		28BE190626752BFA003C8C52 /* Episode.swift in Sources */ = {isa = PBXBuildFile; fileRef = 28BE190526752BFA003C8C52 /* Episode.swift */; };
		28BE190E26752C39003C8C52 /* RSSFeed + Extension.swift in Sources */ = {isa = PBXBuildFile; fileRef = 28BE190D26752C39003C8C52 /* RSSFeed + Extension.swift */; };
		28D6824926628B5800340828 /* MainTabBarController.swift in Sources */ = {isa = PBXBuildFile; fileRef = 28D6824826628B5800340828 /* MainTabBarController.swift */; };
		2BE1447B6F359EF20C79FCFD /* Pods_ApplePodcastClone.framework in Frameworks */ = {isa = PBXBuildFile; fileRef = EAD695951704A014FA1484FF /* Pods_ApplePodcastClone.framework */; };
/* End PBXBuildFile section */

/* Begin PBXContainerItemProxy section */
		28414E302662870E0091EE03 /* PBXContainerItemProxy */ = {
			isa = PBXContainerItemProxy;
			containerPortal = 28414E11266287040091EE03 /* Project object */;
			proxyType = 1;
			remoteGlobalIDString = 28414E18266287040091EE03;
			remoteInfo = ApplePodcastClone;
		};
		28414E3B2662870E0091EE03 /* PBXContainerItemProxy */ = {
			isa = PBXContainerItemProxy;
			containerPortal = 28414E11266287040091EE03 /* Project object */;
			proxyType = 1;
			remoteGlobalIDString = 28414E18266287040091EE03;
			remoteInfo = ApplePodcastClone;
		};
/* End PBXContainerItemProxy section */

/* Begin PBXFileReference section */
		0AF9AF82F09A8B399B4E01DF /* Pods-ApplePodcastClone.release.xcconfig */ = {isa = PBXFileReference; includeInIndex = 1; lastKnownFileType = text.xcconfig; name = "Pods-ApplePodcastClone.release.xcconfig"; path = "Target Support Files/Pods-ApplePodcastClone/Pods-ApplePodcastClone.release.xcconfig"; sourceTree = "<group>"; };
		155A4DBBC2F055EEB686E7DF /* Pods-ApplePodcastCloneTests.release.xcconfig */ = {isa = PBXFileReference; includeInIndex = 1; lastKnownFileType = text.xcconfig; name = "Pods-ApplePodcastCloneTests.release.xcconfig"; path = "Target Support Files/Pods-ApplePodcastCloneTests/Pods-ApplePodcastCloneTests.release.xcconfig"; sourceTree = "<group>"; };
		1EE729E90964CD568AA1E067 /* Pods-ApplePodcastClone.debug.xcconfig */ = {isa = PBXFileReference; includeInIndex = 1; lastKnownFileType = text.xcconfig; name = "Pods-ApplePodcastClone.debug.xcconfig"; path = "Target Support Files/Pods-ApplePodcastClone/Pods-ApplePodcastClone.debug.xcconfig"; sourceTree = "<group>"; };
		280BA0A926678F3300FD380A /* UIKit+Extensions.swift */ = {isa = PBXFileReference; lastKnownFileType = sourcecode.swift; path = "UIKit+Extensions.swift"; sourceTree = "<group>"; };
		280BA0AE26679A1000FD380A /* VStackView.swift */ = {isa = PBXFileReference; lastKnownFileType = sourcecode.swift; path = VStackView.swift; sourceTree = "<group>"; };
		280BA0BD2667D71800FD380A /* PodcastCell.swift */ = {isa = PBXFileReference; lastKnownFileType = sourcecode.swift; path = PodcastCell.swift; sourceTree = "<group>"; };
		280BA0C22667EFF700FD380A /* UITableView+Extensions.swift */ = {isa = PBXFileReference; lastKnownFileType = sourcecode.swift; path = "UITableView+Extensions.swift"; sourceTree = "<group>"; };
		281391A9267A69A300E57D4C /* CMTime + Extensions.swift */ = {isa = PBXFileReference; lastKnownFileType = sourcecode.swift; path = "CMTime + Extensions.swift"; sourceTree = "<group>"; };
		2817B7A626660C7B0055B269 /* PodcastSearchViewController.swift */ = {isa = PBXFileReference; lastKnownFileType = sourcecode.swift; path = PodcastSearchViewController.swift; sourceTree = "<group>"; };
		2817B7AB26660CF70055B269 /* Podcast.swift */ = {isa = PBXFileReference; lastKnownFileType = sourcecode.swift; path = Podcast.swift; sourceTree = "<group>"; };
		2817B7B026660E140055B269 /* UIView+Layout.swift */ = {isa = PBXFileReference; fileEncoding = 4; lastKnownFileType = sourcecode.swift; path = "UIView+Layout.swift"; sourceTree = "<group>"; };
		2817B7B5266639A40055B269 /* NetworkService.swift */ = {isa = PBXFileReference; lastKnownFileType = sourcecode.swift; path = NetworkService.swift; sourceTree = "<group>"; };
		2817B7BB26668B260055B269 /* PodcastSearchViewModel.swift */ = {isa = PBXFileReference; lastKnownFileType = sourcecode.swift; path = PodcastSearchViewModel.swift; sourceTree = "<group>"; };
		2817B7C026668B4F0055B269 /* Bindable.swift */ = {isa = PBXFileReference; lastKnownFileType = sourcecode.swift; path = Bindable.swift; sourceTree = "<group>"; };
		2828FBAC2675F844006B15FC /* EpisodeCell.swift */ = {isa = PBXFileReference; lastKnownFileType = sourcecode.swift; path = EpisodeCell.swift; sourceTree = "<group>"; };
		2828FBB12675F8E2006B15FC /* Date + Extensions.swift */ = {isa = PBXFileReference; lastKnownFileType = sourcecode.swift; path = "Date + Extensions.swift"; sourceTree = "<group>"; };
		2828FBB62676545A006B15FC /* PlayerView.swift */ = {isa = PBXFileReference; lastKnownFileType = sourcecode.swift; path = PlayerView.swift; sourceTree = "<group>"; };
		28414E19266287040091EE03 /* ApplePodcastClone.app */ = {isa = PBXFileReference; explicitFileType = wrapper.application; includeInIndex = 0; path = ApplePodcastClone.app; sourceTree = BUILT_PRODUCTS_DIR; };
		28414E1C266287040091EE03 /* AppDelegate.swift */ = {isa = PBXFileReference; lastKnownFileType = sourcecode.swift; path = AppDelegate.swift; sourceTree = "<group>"; };
		28414E1E266287040091EE03 /* SceneDelegate.swift */ = {isa = PBXFileReference; lastKnownFileType = sourcecode.swift; path = SceneDelegate.swift; sourceTree = "<group>"; };
		28414E20266287040091EE03 /* ViewController.swift */ = {isa = PBXFileReference; lastKnownFileType = sourcecode.swift; path = ViewController.swift; sourceTree = "<group>"; };
		28414E252662870C0091EE03 /* Assets.xcassets */ = {isa = PBXFileReference; lastKnownFileType = folder.assetcatalog; path = Assets.xcassets; sourceTree = "<group>"; };
		28414E282662870C0091EE03 /* Base */ = {isa = PBXFileReference; lastKnownFileType = file.storyboard; name = Base; path = Base.lproj/LaunchScreen.storyboard; sourceTree = "<group>"; };
		28414E2A2662870C0091EE03 /* Info.plist */ = {isa = PBXFileReference; lastKnownFileType = text.plist.xml; path = Info.plist; sourceTree = "<group>"; };
		28414E2F2662870E0091EE03 /* ApplePodcastCloneTests.xctest */ = {isa = PBXFileReference; explicitFileType = wrapper.cfbundle; includeInIndex = 0; path = ApplePodcastCloneTests.xctest; sourceTree = BUILT_PRODUCTS_DIR; };
		28414E332662870E0091EE03 /* ApplePodcastCloneTests.swift */ = {isa = PBXFileReference; lastKnownFileType = sourcecode.swift; path = ApplePodcastCloneTests.swift; sourceTree = "<group>"; };
		28414E352662870E0091EE03 /* Info.plist */ = {isa = PBXFileReference; lastKnownFileType = text.plist.xml; path = Info.plist; sourceTree = "<group>"; };
		28414E3A2662870E0091EE03 /* ApplePodcastCloneUITests.xctest */ = {isa = PBXFileReference; explicitFileType = wrapper.cfbundle; includeInIndex = 0; path = ApplePodcastCloneUITests.xctest; sourceTree = BUILT_PRODUCTS_DIR; };
		28414E3E2662870E0091EE03 /* ApplePodcastCloneUITests.swift */ = {isa = PBXFileReference; lastKnownFileType = sourcecode.swift; path = ApplePodcastCloneUITests.swift; sourceTree = "<group>"; };
		28414E402662870E0091EE03 /* Info.plist */ = {isa = PBXFileReference; lastKnownFileType = text.plist.xml; path = Info.plist; sourceTree = "<group>"; };
		287A33882668FFD300F3FCD2 /* SearchPodcastsUITest.swift */ = {isa = PBXFileReference; lastKnownFileType = sourcecode.swift; path = SearchPodcastsUITest.swift; sourceTree = "<group>"; };
		288A0839266A998000CEE74C /* EndPoints.swift */ = {isa = PBXFileReference; lastKnownFileType = sourcecode.swift; path = EndPoints.swift; sourceTree = "<group>"; };
		28BE18E12674BAC0003C8C52 /* EpisodesController.swift */ = {isa = PBXFileReference; lastKnownFileType = sourcecode.swift; path = EpisodesController.swift; sourceTree = "<group>"; };
		28BE18EF26751BEC003C8C52 /* EpisodesViewModel.swift */ = {isa = PBXFileReference; lastKnownFileType = sourcecode.swift; path = EpisodesViewModel.swift; sourceTree = "<group>"; };
		28BE18F926752892003C8C52 /* String + Extensions.swift */ = {isa = PBXFileReference; lastKnownFileType = sourcecode.swift; path = "String + Extensions.swift"; sourceTree = "<group>"; };
		28BE190526752BFA003C8C52 /* Episode.swift */ = {isa = PBXFileReference; lastKnownFileType = sourcecode.swift; path = Episode.swift; sourceTree = "<group>"; };
		28BE190D26752C39003C8C52 /* RSSFeed + Extension.swift */ = {isa = PBXFileReference; lastKnownFileType = sourcecode.swift; path = "RSSFeed + Extension.swift"; sourceTree = "<group>"; };
		28D6824826628B5800340828 /* MainTabBarController.swift */ = {isa = PBXFileReference; lastKnownFileType = sourcecode.swift; path = MainTabBarController.swift; sourceTree = "<group>"; };
		73B782F464A8B1FF64B983EC /* Pods_ApplePodcastCloneTests.framework */ = {isa = PBXFileReference; explicitFileType = wrapper.framework; includeInIndex = 0; path = Pods_ApplePodcastCloneTests.framework; sourceTree = BUILT_PRODUCTS_DIR; };
		A8420D768B2305ADB7E5A33D /* Pods-ApplePodcastClone-ApplePodcastCloneUITests.debug.xcconfig */ = {isa = PBXFileReference; includeInIndex = 1; lastKnownFileType = text.xcconfig; name = "Pods-ApplePodcastClone-ApplePodcastCloneUITests.debug.xcconfig"; path = "Target Support Files/Pods-ApplePodcastClone-ApplePodcastCloneUITests/Pods-ApplePodcastClone-ApplePodcastCloneUITests.debug.xcconfig"; sourceTree = "<group>"; };
		D913EF96E15BB0A6633B5D5A /* Pods-ApplePodcastClone-ApplePodcastCloneUITests.release.xcconfig */ = {isa = PBXFileReference; includeInIndex = 1; lastKnownFileType = text.xcconfig; name = "Pods-ApplePodcastClone-ApplePodcastCloneUITests.release.xcconfig"; path = "Target Support Files/Pods-ApplePodcastClone-ApplePodcastCloneUITests/Pods-ApplePodcastClone-ApplePodcastCloneUITests.release.xcconfig"; sourceTree = "<group>"; };
		DD483F4F94A310365B3514BE /* Pods_ApplePodcastClone_ApplePodcastCloneUITests.framework */ = {isa = PBXFileReference; explicitFileType = wrapper.framework; includeInIndex = 0; path = Pods_ApplePodcastClone_ApplePodcastCloneUITests.framework; sourceTree = BUILT_PRODUCTS_DIR; };
		EAD695951704A014FA1484FF /* Pods_ApplePodcastClone.framework */ = {isa = PBXFileReference; explicitFileType = wrapper.framework; includeInIndex = 0; path = Pods_ApplePodcastClone.framework; sourceTree = BUILT_PRODUCTS_DIR; };
		EDBF91E58B7E0C655C18BD24 /* Pods-ApplePodcastCloneTests.debug.xcconfig */ = {isa = PBXFileReference; includeInIndex = 1; lastKnownFileType = text.xcconfig; name = "Pods-ApplePodcastCloneTests.debug.xcconfig"; path = "Target Support Files/Pods-ApplePodcastCloneTests/Pods-ApplePodcastCloneTests.debug.xcconfig"; sourceTree = "<group>"; };
/* End PBXFileReference section */

/* Begin PBXFrameworksBuildPhase section */
		28414E16266287040091EE03 /* Frameworks */ = {
			isa = PBXFrameworksBuildPhase;
			buildActionMask = 2147483647;
			files = (
				28BE18EB267518E3003C8C52 /* FeedKit in Frameworks */,
				280BA0B82667D3A500FD380A /* SDWebImage in Frameworks */,
				2BE1447B6F359EF20C79FCFD /* Pods_ApplePodcastClone.framework in Frameworks */,
			);
			runOnlyForDeploymentPostprocessing = 0;
		};
		28414E2C2662870E0091EE03 /* Frameworks */ = {
			isa = PBXFrameworksBuildPhase;
			buildActionMask = 2147483647;
			files = (
				25C668D8078418DBD1FA3023 /* Pods_ApplePodcastCloneTests.framework in Frameworks */,
			);
			runOnlyForDeploymentPostprocessing = 0;
		};
		28414E372662870E0091EE03 /* Frameworks */ = {
			isa = PBXFrameworksBuildPhase;
			buildActionMask = 2147483647;
			files = (
				11026FFE1B8264A7CF2375C8 /* Pods_ApplePodcastClone_ApplePodcastCloneUITests.framework in Frameworks */,
			);
			runOnlyForDeploymentPostprocessing = 0;
		};
/* End PBXFrameworksBuildPhase section */

/* Begin PBXGroup section */
		280BA0BC2667D6F500FD380A /* Search */ = {
			isa = PBXGroup;
			children = (
				280BA0BD2667D71800FD380A /* PodcastCell.swift */,
				2828FBAC2675F844006B15FC /* EpisodeCell.swift */,
				2828FBB62676545A006B15FC /* PlayerView.swift */,
			);
			path = Search;
			sourceTree = "<group>";
		};
		2817B7A426660C530055B269 /* Search */ = {
			isa = PBXGroup;
			children = (
				2817B7A626660C7B0055B269 /* PodcastSearchViewController.swift */,
				2817B7BB26668B260055B269 /* PodcastSearchViewModel.swift */,
				28BE18E02674BA97003C8C52 /* Episodes */,
			);
			path = Search;
			sourceTree = "<group>";
		};
		2817B7A526660C5B0055B269 /* Main */ = {
			isa = PBXGroup;
			children = (
				28414E20266287040091EE03 /* ViewController.swift */,
				28D6824826628B5800340828 /* MainTabBarController.swift */,
			);
			path = Main;
			sourceTree = "<group>";
		};
		28414E10266287040091EE03 = {
			isa = PBXGroup;
			children = (
				28414E1B266287040091EE03 /* ApplePodcastClone */,
				28414E322662870E0091EE03 /* ApplePodcastCloneTests */,
				28414E3D2662870E0091EE03 /* ApplePodcastCloneUITests */,
				28414E1A266287040091EE03 /* Products */,
				ACA19330D05E73B2CF1DF59A /* Pods */,
				D619B584E77E8D6887DB65E8 /* Frameworks */,
			);
			sourceTree = "<group>";
		};
		28414E1A266287040091EE03 /* Products */ = {
			isa = PBXGroup;
			children = (
				28414E19266287040091EE03 /* ApplePodcastClone.app */,
				28414E2F2662870E0091EE03 /* ApplePodcastCloneTests.xctest */,
				28414E3A2662870E0091EE03 /* ApplePodcastCloneUITests.xctest */,
			);
			name = Products;
			sourceTree = "<group>";
		};
		28414E1B266287040091EE03 /* ApplePodcastClone */ = {
			isa = PBXGroup;
			children = (
				28D6824726628B3800340828 /* Models */,
				28D6823C26628AAC00340828 /* Presentations */,
				28D6823A26628A2900340828 /* Service */,
				28D6823926628A1300340828 /* Extensions */,
				28D68238266289F300340828 /* Startup */,
				28414E532662875E0091EE03 /* Storyboards */,
				28414E52266287350091EE03 /* Supporting Files */,
			);
			path = ApplePodcastClone;
			sourceTree = "<group>";
		};
		28414E322662870E0091EE03 /* ApplePodcastCloneTests */ = {
			isa = PBXGroup;
			children = (
				28414E332662870E0091EE03 /* ApplePodcastCloneTests.swift */,
				28414E352662870E0091EE03 /* Info.plist */,
			);
			path = ApplePodcastCloneTests;
			sourceTree = "<group>";
		};
		28414E3D2662870E0091EE03 /* ApplePodcastCloneUITests */ = {
			isa = PBXGroup;
			children = (
				287A33872668FFA500F3FCD2 /* Search */,
				28414E3E2662870E0091EE03 /* ApplePodcastCloneUITests.swift */,
				28414E402662870E0091EE03 /* Info.plist */,
			);
			path = ApplePodcastCloneUITests;
			sourceTree = "<group>";
		};
		28414E52266287350091EE03 /* Supporting Files */ = {
			isa = PBXGroup;
			children = (
				28414E252662870C0091EE03 /* Assets.xcassets */,
				28414E2A2662870C0091EE03 /* Info.plist */,
			);
			path = "Supporting Files";
			sourceTree = "<group>";
		};
		28414E532662875E0091EE03 /* Storyboards */ = {
			isa = PBXGroup;
			children = (
				28414E272662870C0091EE03 /* LaunchScreen.storyboard */,
			);
			path = Storyboards;
			sourceTree = "<group>";
		};
		287A33872668FFA500F3FCD2 /* Search */ = {
			isa = PBXGroup;
			children = (
				287A33882668FFD300F3FCD2 /* SearchPodcastsUITest.swift */,
			);
			path = Search;
			sourceTree = "<group>";
		};
		28BE18E02674BA97003C8C52 /* Episodes */ = {
			isa = PBXGroup;
			children = (
				28BE18E12674BAC0003C8C52 /* EpisodesController.swift */,
				28BE18EF26751BEC003C8C52 /* EpisodesViewModel.swift */,
			);
			path = Episodes;
			sourceTree = "<group>";
		};
		28D68238266289F300340828 /* Startup */ = {
			isa = PBXGroup;
			children = (
				28414E1C266287040091EE03 /* AppDelegate.swift */,
				28414E1E266287040091EE03 /* SceneDelegate.swift */,
			);
			path = Startup;
			sourceTree = "<group>";
		};
		28D6823926628A1300340828 /* Extensions */ = {
			isa = PBXGroup;
			children = (
				2817B7B026660E140055B269 /* UIView+Layout.swift */,
				280BA0A926678F3300FD380A /* UIKit+Extensions.swift */,
				280BA0AE26679A1000FD380A /* VStackView.swift */,
				280BA0C22667EFF700FD380A /* UITableView+Extensions.swift */,
				28BE18F926752892003C8C52 /* String + Extensions.swift */,
				28BE190D26752C39003C8C52 /* RSSFeed + Extension.swift */,
				2828FBB12675F8E2006B15FC /* Date + Extensions.swift */,
				281391A9267A69A300E57D4C /* CMTime + Extensions.swift */,
			);
			path = Extensions;
			sourceTree = "<group>";
		};
		28D6823A26628A2900340828 /* Service */ = {
			isa = PBXGroup;
			children = (
				2817B7B5266639A40055B269 /* NetworkService.swift */,
				288A0839266A998000CEE74C /* EndPoints.swift */,
				2817B7C026668B4F0055B269 /* Bindable.swift */,
			);
			path = Service;
			sourceTree = "<group>";
		};
		28D6823B26628A4600340828 /* Views */ = {
			isa = PBXGroup;
			children = (
				280BA0BC2667D6F500FD380A /* Search */,
			);
			path = Views;
			sourceTree = "<group>";
		};
		28D6823C26628AAC00340828 /* Presentations */ = {
			isa = PBXGroup;
			children = (
				28D6823B26628A4600340828 /* Views */,
				28D6823D26628AB700340828 /* Controllers */,
			);
			path = Presentations;
			sourceTree = "<group>";
		};
		28D6823D26628AB700340828 /* Controllers */ = {
			isa = PBXGroup;
			children = (
				2817B7A426660C530055B269 /* Search */,
				2817B7A526660C5B0055B269 /* Main */,
			);
			path = Controllers;
			sourceTree = "<group>";
		};
		28D6824726628B3800340828 /* Models */ = {
			isa = PBXGroup;
			children = (
				2817B7AB26660CF70055B269 /* Podcast.swift */,
				28BE190526752BFA003C8C52 /* Episode.swift */,
			);
			path = Models;
			sourceTree = "<group>";
		};
		ACA19330D05E73B2CF1DF59A /* Pods */ = {
			isa = PBXGroup;
			children = (
				1EE729E90964CD568AA1E067 /* Pods-ApplePodcastClone.debug.xcconfig */,
				0AF9AF82F09A8B399B4E01DF /* Pods-ApplePodcastClone.release.xcconfig */,
				A8420D768B2305ADB7E5A33D /* Pods-ApplePodcastClone-ApplePodcastCloneUITests.debug.xcconfig */,
				D913EF96E15BB0A6633B5D5A /* Pods-ApplePodcastClone-ApplePodcastCloneUITests.release.xcconfig */,
				EDBF91E58B7E0C655C18BD24 /* Pods-ApplePodcastCloneTests.debug.xcconfig */,
				155A4DBBC2F055EEB686E7DF /* Pods-ApplePodcastCloneTests.release.xcconfig */,
			);
			path = Pods;
			sourceTree = "<group>";
		};
		D619B584E77E8D6887DB65E8 /* Frameworks */ = {
			isa = PBXGroup;
			children = (
				EAD695951704A014FA1484FF /* Pods_ApplePodcastClone.framework */,
				DD483F4F94A310365B3514BE /* Pods_ApplePodcastClone_ApplePodcastCloneUITests.framework */,
				73B782F464A8B1FF64B983EC /* Pods_ApplePodcastCloneTests.framework */,
			);
			name = Frameworks;
			sourceTree = "<group>";
		};
/* End PBXGroup section */

/* Begin PBXNativeTarget section */
		28414E18266287040091EE03 /* ApplePodcastClone */ = {
			isa = PBXNativeTarget;
			buildConfigurationList = 28414E432662870E0091EE03 /* Build configuration list for PBXNativeTarget "ApplePodcastClone" */;
			buildPhases = (
				D5B75131CC35FEE64F0BEB42 /* [CP] Check Pods Manifest.lock */,
				28414E15266287040091EE03 /* Sources */,
				28414E16266287040091EE03 /* Frameworks */,
				28414E17266287040091EE03 /* Resources */,
			);
			buildRules = (
			);
			dependencies = (
			);
			name = ApplePodcastClone;
			packageProductDependencies = (
				280BA0B72667D3A500FD380A /* SDWebImage */,
				28BE18EA267518E3003C8C52 /* FeedKit */,
			);
			productName = ApplePodcastClone;
			productReference = 28414E19266287040091EE03 /* ApplePodcastClone.app */;
			productType = "com.apple.product-type.application";
		};
		28414E2E2662870E0091EE03 /* ApplePodcastCloneTests */ = {
			isa = PBXNativeTarget;
			buildConfigurationList = 28414E462662870E0091EE03 /* Build configuration list for PBXNativeTarget "ApplePodcastCloneTests" */;
			buildPhases = (
				A0DB6DD3349E2C494DDB30A2 /* [CP] Check Pods Manifest.lock */,
				28414E2B2662870E0091EE03 /* Sources */,
				28414E2C2662870E0091EE03 /* Frameworks */,
				28414E2D2662870E0091EE03 /* Resources */,
			);
			buildRules = (
			);
			dependencies = (
				28414E312662870E0091EE03 /* PBXTargetDependency */,
			);
			name = ApplePodcastCloneTests;
			productName = ApplePodcastCloneTests;
			productReference = 28414E2F2662870E0091EE03 /* ApplePodcastCloneTests.xctest */;
			productType = "com.apple.product-type.bundle.unit-test";
		};
		28414E392662870E0091EE03 /* ApplePodcastCloneUITests */ = {
			isa = PBXNativeTarget;
			buildConfigurationList = 28414E492662870E0091EE03 /* Build configuration list for PBXNativeTarget "ApplePodcastCloneUITests" */;
			buildPhases = (
				C192CB134E494B4AA366D886 /* [CP] Check Pods Manifest.lock */,
				28414E362662870E0091EE03 /* Sources */,
				28414E372662870E0091EE03 /* Frameworks */,
				28414E382662870E0091EE03 /* Resources */,
			);
			buildRules = (
			);
			dependencies = (
				28414E3C2662870E0091EE03 /* PBXTargetDependency */,
			);
			name = ApplePodcastCloneUITests;
			productName = ApplePodcastCloneUITests;
			productReference = 28414E3A2662870E0091EE03 /* ApplePodcastCloneUITests.xctest */;
			productType = "com.apple.product-type.bundle.ui-testing";
		};
/* End PBXNativeTarget section */

/* Begin PBXProject section */
		28414E11266287040091EE03 /* Project object */ = {
			isa = PBXProject;
			attributes = {
				LastSwiftUpdateCheck = 1240;
				LastUpgradeCheck = 1240;
				TargetAttributes = {
					28414E18266287040091EE03 = {
						CreatedOnToolsVersion = 12.4;
					};
					28414E2E2662870E0091EE03 = {
						CreatedOnToolsVersion = 12.4;
						TestTargetID = 28414E18266287040091EE03;
					};
					28414E392662870E0091EE03 = {
						CreatedOnToolsVersion = 12.4;
						TestTargetID = 28414E18266287040091EE03;
					};
				};
			};
			buildConfigurationList = 28414E14266287040091EE03 /* Build configuration list for PBXProject "ApplePodcastClone" */;
			compatibilityVersion = "Xcode 9.3";
			developmentRegion = en;
			hasScannedForEncodings = 0;
			knownRegions = (
				en,
				Base,
			);
			mainGroup = 28414E10266287040091EE03;
			packageReferences = (
				280BA0B62667D3A500FD380A /* XCRemoteSwiftPackageReference "SDWebImage" */,
				28BE18E9267518E3003C8C52 /* XCRemoteSwiftPackageReference "FeedKit" */,
			);
			productRefGroup = 28414E1A266287040091EE03 /* Products */;
			projectDirPath = "";
			projectRoot = "";
			targets = (
				28414E18266287040091EE03 /* ApplePodcastClone */,
				28414E2E2662870E0091EE03 /* ApplePodcastCloneTests */,
				28414E392662870E0091EE03 /* ApplePodcastCloneUITests */,
			);
		};
/* End PBXProject section */

/* Begin PBXResourcesBuildPhase section */
		28414E17266287040091EE03 /* Resources */ = {
			isa = PBXResourcesBuildPhase;
			buildActionMask = 2147483647;
			files = (
				28414E292662870C0091EE03 /* LaunchScreen.storyboard in Resources */,
				28414E262662870C0091EE03 /* Assets.xcassets in Resources */,
			);
			runOnlyForDeploymentPostprocessing = 0;
		};
		28414E2D2662870E0091EE03 /* Resources */ = {
			isa = PBXResourcesBuildPhase;
			buildActionMask = 2147483647;
			files = (
			);
			runOnlyForDeploymentPostprocessing = 0;
		};
		28414E382662870E0091EE03 /* Resources */ = {
			isa = PBXResourcesBuildPhase;
			buildActionMask = 2147483647;
			files = (
			);
			runOnlyForDeploymentPostprocessing = 0;
		};
/* End PBXResourcesBuildPhase section */

/* Begin PBXShellScriptBuildPhase section */
		A0DB6DD3349E2C494DDB30A2 /* [CP] Check Pods Manifest.lock */ = {
			isa = PBXShellScriptBuildPhase;
			buildActionMask = 2147483647;
			files = (
			);
			inputFileListPaths = (
			);
			inputPaths = (
				"${PODS_PODFILE_DIR_PATH}/Podfile.lock",
				"${PODS_ROOT}/Manifest.lock",
			);
			name = "[CP] Check Pods Manifest.lock";
			outputFileListPaths = (
			);
			outputPaths = (
				"$(DERIVED_FILE_DIR)/Pods-ApplePodcastCloneTests-checkManifestLockResult.txt",
			);
			runOnlyForDeploymentPostprocessing = 0;
			shellPath = /bin/sh;
			shellScript = "diff \"${PODS_PODFILE_DIR_PATH}/Podfile.lock\" \"${PODS_ROOT}/Manifest.lock\" > /dev/null\nif [ $? != 0 ] ; then\n    # print error to STDERR\n    echo \"error: The sandbox is not in sync with the Podfile.lock. Run 'pod install' or update your CocoaPods installation.\" >&2\n    exit 1\nfi\n# This output is used by Xcode 'outputs' to avoid re-running this script phase.\necho \"SUCCESS\" > \"${SCRIPT_OUTPUT_FILE_0}\"\n";
			showEnvVarsInLog = 0;
		};
		C192CB134E494B4AA366D886 /* [CP] Check Pods Manifest.lock */ = {
			isa = PBXShellScriptBuildPhase;
			buildActionMask = 2147483647;
			files = (
			);
			inputFileListPaths = (
			);
			inputPaths = (
				"${PODS_PODFILE_DIR_PATH}/Podfile.lock",
				"${PODS_ROOT}/Manifest.lock",
			);
			name = "[CP] Check Pods Manifest.lock";
			outputFileListPaths = (
			);
			outputPaths = (
				"$(DERIVED_FILE_DIR)/Pods-ApplePodcastClone-ApplePodcastCloneUITests-checkManifestLockResult.txt",
			);
			runOnlyForDeploymentPostprocessing = 0;
			shellPath = /bin/sh;
			shellScript = "diff \"${PODS_PODFILE_DIR_PATH}/Podfile.lock\" \"${PODS_ROOT}/Manifest.lock\" > /dev/null\nif [ $? != 0 ] ; then\n    # print error to STDERR\n    echo \"error: The sandbox is not in sync with the Podfile.lock. Run 'pod install' or update your CocoaPods installation.\" >&2\n    exit 1\nfi\n# This output is used by Xcode 'outputs' to avoid re-running this script phase.\necho \"SUCCESS\" > \"${SCRIPT_OUTPUT_FILE_0}\"\n";
			showEnvVarsInLog = 0;
		};
		D5B75131CC35FEE64F0BEB42 /* [CP] Check Pods Manifest.lock */ = {
			isa = PBXShellScriptBuildPhase;
			buildActionMask = 2147483647;
			files = (
			);
			inputFileListPaths = (
			);
			inputPaths = (
				"${PODS_PODFILE_DIR_PATH}/Podfile.lock",
				"${PODS_ROOT}/Manifest.lock",
			);
			name = "[CP] Check Pods Manifest.lock";
			outputFileListPaths = (
			);
			outputPaths = (
				"$(DERIVED_FILE_DIR)/Pods-ApplePodcastClone-checkManifestLockResult.txt",
			);
			runOnlyForDeploymentPostprocessing = 0;
			shellPath = /bin/sh;
			shellScript = "diff \"${PODS_PODFILE_DIR_PATH}/Podfile.lock\" \"${PODS_ROOT}/Manifest.lock\" > /dev/null\nif [ $? != 0 ] ; then\n    # print error to STDERR\n    echo \"error: The sandbox is not in sync with the Podfile.lock. Run 'pod install' or update your CocoaPods installation.\" >&2\n    exit 1\nfi\n# This output is used by Xcode 'outputs' to avoid re-running this script phase.\necho \"SUCCESS\" > \"${SCRIPT_OUTPUT_FILE_0}\"\n";
			showEnvVarsInLog = 0;
		};
/* End PBXShellScriptBuildPhase section */

/* Begin PBXSourcesBuildPhase section */
		28414E15266287040091EE03 /* Sources */ = {
			isa = PBXSourcesBuildPhase;
			buildActionMask = 2147483647;
			files = (
				28BE190E26752C39003C8C52 /* RSSFeed + Extension.swift in Sources */,
				28BE190626752BFA003C8C52 /* Episode.swift in Sources */,
				2817B7C126668B4F0055B269 /* Bindable.swift in Sources */,
				288A083A266A998000CEE74C /* EndPoints.swift in Sources */,
				280BA0AF26679A1000FD380A /* VStackView.swift in Sources */,
				28BE18E22674BAC0003C8C52 /* EpisodesController.swift in Sources */,
				281391AA267A69A300E57D4C /* CMTime + Extensions.swift in Sources */,
				28414E21266287040091EE03 /* ViewController.swift in Sources */,
				28414E1D266287040091EE03 /* AppDelegate.swift in Sources */,
				2817B7B6266639A40055B269 /* NetworkService.swift in Sources */,
				2817B7AC26660CF70055B269 /* Podcast.swift in Sources */,
				2817B7A726660C7B0055B269 /* PodcastSearchViewController.swift in Sources */,
				2828FBAD2675F844006B15FC /* EpisodeCell.swift in Sources */,
				2817B7BC26668B260055B269 /* PodcastSearchViewModel.swift in Sources */,
				28BE18FA26752892003C8C52 /* String + Extensions.swift in Sources */,
				280BA0AA26678F3300FD380A /* UIKit+Extensions.swift in Sources */,
				28BE18F026751BEC003C8C52 /* EpisodesViewModel.swift in Sources */,
				280BA0C32667EFF800FD380A /* UITableView+Extensions.swift in Sources */,
				2828FBB22675F8E2006B15FC /* Date + Extensions.swift in Sources */,
				28D6824926628B5800340828 /* MainTabBarController.swift in Sources */,
				2828FBB72676545A006B15FC /* PlayerView.swift in Sources */,
				2817B7B126660E140055B269 /* UIView+Layout.swift in Sources */,
				280BA0BE2667D71800FD380A /* PodcastCell.swift in Sources */,
				28414E1F266287040091EE03 /* SceneDelegate.swift in Sources */,
			);
			runOnlyForDeploymentPostprocessing = 0;
		};
		28414E2B2662870E0091EE03 /* Sources */ = {
			isa = PBXSourcesBuildPhase;
			buildActionMask = 2147483647;
			files = (
				28414E342662870E0091EE03 /* ApplePodcastCloneTests.swift in Sources */,
			);
			runOnlyForDeploymentPostprocessing = 0;
		};
		28414E362662870E0091EE03 /* Sources */ = {
			isa = PBXSourcesBuildPhase;
			buildActionMask = 2147483647;
			files = (
				287A33892668FFD300F3FCD2 /* SearchPodcastsUITest.swift in Sources */,
				28414E3F2662870E0091EE03 /* ApplePodcastCloneUITests.swift in Sources */,
			);
			runOnlyForDeploymentPostprocessing = 0;
		};
/* End PBXSourcesBuildPhase section */

/* Begin PBXTargetDependency section */
		28414E312662870E0091EE03 /* PBXTargetDependency */ = {
			isa = PBXTargetDependency;
			target = 28414E18266287040091EE03 /* ApplePodcastClone */;
			targetProxy = 28414E302662870E0091EE03 /* PBXContainerItemProxy */;
		};
		28414E3C2662870E0091EE03 /* PBXTargetDependency */ = {
			isa = PBXTargetDependency;
			target = 28414E18266287040091EE03 /* ApplePodcastClone */;
			targetProxy = 28414E3B2662870E0091EE03 /* PBXContainerItemProxy */;
		};
/* End PBXTargetDependency section */

/* Begin PBXVariantGroup section */
		28414E272662870C0091EE03 /* LaunchScreen.storyboard */ = {
			isa = PBXVariantGroup;
			children = (
				28414E282662870C0091EE03 /* Base */,
			);
			name = LaunchScreen.storyboard;
			sourceTree = "<group>";
		};
/* End PBXVariantGroup section */

/* Begin XCBuildConfiguration section */
		28414E412662870E0091EE03 /* Debug */ = {
			isa = XCBuildConfiguration;
			buildSettings = {
				ALWAYS_SEARCH_USER_PATHS = NO;
				CLANG_ANALYZER_NONNULL = YES;
				CLANG_ANALYZER_NUMBER_OBJECT_CONVERSION = YES_AGGRESSIVE;
				CLANG_CXX_LANGUAGE_STANDARD = "gnu++14";
				CLANG_CXX_LIBRARY = "libc++";
				CLANG_ENABLE_MODULES = YES;
				CLANG_ENABLE_OBJC_ARC = YES;
				CLANG_ENABLE_OBJC_WEAK = YES;
				CLANG_WARN_BLOCK_CAPTURE_AUTORELEASING = YES;
				CLANG_WARN_BOOL_CONVERSION = YES;
				CLANG_WARN_COMMA = YES;
				CLANG_WARN_CONSTANT_CONVERSION = YES;
				CLANG_WARN_DEPRECATED_OBJC_IMPLEMENTATIONS = YES;
				CLANG_WARN_DIRECT_OBJC_ISA_USAGE = YES_ERROR;
				CLANG_WARN_DOCUMENTATION_COMMENTS = YES;
				CLANG_WARN_EMPTY_BODY = YES;
				CLANG_WARN_ENUM_CONVERSION = YES;
				CLANG_WARN_INFINITE_RECURSION = YES;
				CLANG_WARN_INT_CONVERSION = YES;
				CLANG_WARN_NON_LITERAL_NULL_CONVERSION = YES;
				CLANG_WARN_OBJC_IMPLICIT_RETAIN_SELF = YES;
				CLANG_WARN_OBJC_LITERAL_CONVERSION = YES;
				CLANG_WARN_OBJC_ROOT_CLASS = YES_ERROR;
				CLANG_WARN_QUOTED_INCLUDE_IN_FRAMEWORK_HEADER = YES;
				CLANG_WARN_RANGE_LOOP_ANALYSIS = YES;
				CLANG_WARN_STRICT_PROTOTYPES = YES;
				CLANG_WARN_SUSPICIOUS_MOVE = YES;
				CLANG_WARN_UNGUARDED_AVAILABILITY = YES_AGGRESSIVE;
				CLANG_WARN_UNREACHABLE_CODE = YES;
				CLANG_WARN__DUPLICATE_METHOD_MATCH = YES;
				COPY_PHASE_STRIP = NO;
				DEBUG_INFORMATION_FORMAT = dwarf;
				ENABLE_STRICT_OBJC_MSGSEND = YES;
				ENABLE_TESTABILITY = YES;
				GCC_C_LANGUAGE_STANDARD = gnu11;
				GCC_DYNAMIC_NO_PIC = NO;
				GCC_NO_COMMON_BLOCKS = YES;
				GCC_OPTIMIZATION_LEVEL = 0;
				GCC_PREPROCESSOR_DEFINITIONS = (
					"DEBUG=1",
					"$(inherited)",
				);
				GCC_WARN_64_TO_32_BIT_CONVERSION = YES;
				GCC_WARN_ABOUT_RETURN_TYPE = YES_ERROR;
				GCC_WARN_UNDECLARED_SELECTOR = YES;
				GCC_WARN_UNINITIALIZED_AUTOS = YES_AGGRESSIVE;
				GCC_WARN_UNUSED_FUNCTION = YES;
				GCC_WARN_UNUSED_VARIABLE = YES;
				IPHONEOS_DEPLOYMENT_TARGET = 14.4;
				MTL_ENABLE_DEBUG_INFO = INCLUDE_SOURCE;
				MTL_FAST_MATH = YES;
				ONLY_ACTIVE_ARCH = YES;
				SDKROOT = iphoneos;
				SWIFT_ACTIVE_COMPILATION_CONDITIONS = DEBUG;
				SWIFT_OPTIMIZATION_LEVEL = "-Onone";
			};
			name = Debug;
		};
		28414E422662870E0091EE03 /* Release */ = {
			isa = XCBuildConfiguration;
			buildSettings = {
				ALWAYS_SEARCH_USER_PATHS = NO;
				CLANG_ANALYZER_NONNULL = YES;
				CLANG_ANALYZER_NUMBER_OBJECT_CONVERSION = YES_AGGRESSIVE;
				CLANG_CXX_LANGUAGE_STANDARD = "gnu++14";
				CLANG_CXX_LIBRARY = "libc++";
				CLANG_ENABLE_MODULES = YES;
				CLANG_ENABLE_OBJC_ARC = YES;
				CLANG_ENABLE_OBJC_WEAK = YES;
				CLANG_WARN_BLOCK_CAPTURE_AUTORELEASING = YES;
				CLANG_WARN_BOOL_CONVERSION = YES;
				CLANG_WARN_COMMA = YES;
				CLANG_WARN_CONSTANT_CONVERSION = YES;
				CLANG_WARN_DEPRECATED_OBJC_IMPLEMENTATIONS = YES;
				CLANG_WARN_DIRECT_OBJC_ISA_USAGE = YES_ERROR;
				CLANG_WARN_DOCUMENTATION_COMMENTS = YES;
				CLANG_WARN_EMPTY_BODY = YES;
				CLANG_WARN_ENUM_CONVERSION = YES;
				CLANG_WARN_INFINITE_RECURSION = YES;
				CLANG_WARN_INT_CONVERSION = YES;
				CLANG_WARN_NON_LITERAL_NULL_CONVERSION = YES;
				CLANG_WARN_OBJC_IMPLICIT_RETAIN_SELF = YES;
				CLANG_WARN_OBJC_LITERAL_CONVERSION = YES;
				CLANG_WARN_OBJC_ROOT_CLASS = YES_ERROR;
				CLANG_WARN_QUOTED_INCLUDE_IN_FRAMEWORK_HEADER = YES;
				CLANG_WARN_RANGE_LOOP_ANALYSIS = YES;
				CLANG_WARN_STRICT_PROTOTYPES = YES;
				CLANG_WARN_SUSPICIOUS_MOVE = YES;
				CLANG_WARN_UNGUARDED_AVAILABILITY = YES_AGGRESSIVE;
				CLANG_WARN_UNREACHABLE_CODE = YES;
				CLANG_WARN__DUPLICATE_METHOD_MATCH = YES;
				COPY_PHASE_STRIP = NO;
				DEBUG_INFORMATION_FORMAT = "dwarf-with-dsym";
				ENABLE_NS_ASSERTIONS = NO;
				ENABLE_STRICT_OBJC_MSGSEND = YES;
				GCC_C_LANGUAGE_STANDARD = gnu11;
				GCC_NO_COMMON_BLOCKS = YES;
				GCC_WARN_64_TO_32_BIT_CONVERSION = YES;
				GCC_WARN_ABOUT_RETURN_TYPE = YES_ERROR;
				GCC_WARN_UNDECLARED_SELECTOR = YES;
				GCC_WARN_UNINITIALIZED_AUTOS = YES_AGGRESSIVE;
				GCC_WARN_UNUSED_FUNCTION = YES;
				GCC_WARN_UNUSED_VARIABLE = YES;
				IPHONEOS_DEPLOYMENT_TARGET = 14.4;
				MTL_ENABLE_DEBUG_INFO = NO;
				MTL_FAST_MATH = YES;
				SDKROOT = iphoneos;
				SWIFT_COMPILATION_MODE = wholemodule;
				SWIFT_OPTIMIZATION_LEVEL = "-O";
				VALIDATE_PRODUCT = YES;
			};
			name = Release;
		};
		28414E442662870E0091EE03 /* Debug */ = {
			isa = XCBuildConfiguration;
			baseConfigurationReference = 1EE729E90964CD568AA1E067 /* Pods-ApplePodcastClone.debug.xcconfig */;
			buildSettings = {
				ASSETCATALOG_COMPILER_APPICON_NAME = AppIcon;
				ASSETCATALOG_COMPILER_GLOBAL_ACCENT_COLOR_NAME = AccentColor;
				CODE_SIGN_STYLE = Automatic;
				DEVELOPMENT_TEAM = 52TJ47J5R5;
				INFOPLIST_FILE = "$(SRCROOT)/ApplePodcastClone/Supporting Files/Info.plist";
				LD_RUNPATH_SEARCH_PATHS = (
					"$(inherited)",
					"@executable_path/Frameworks",
				);
				PRODUCT_BUNDLE_IDENTIFIER = com.nextgenesolutions.ApplePodcastClone;
				PRODUCT_NAME = "$(TARGET_NAME)";
				SWIFT_VERSION = 5.0;
				TARGETED_DEVICE_FAMILY = "1,2";
			};
			name = Debug;
		};
		28414E452662870E0091EE03 /* Release */ = {
			isa = XCBuildConfiguration;
			baseConfigurationReference = 0AF9AF82F09A8B399B4E01DF /* Pods-ApplePodcastClone.release.xcconfig */;
			buildSettings = {
				ASSETCATALOG_COMPILER_APPICON_NAME = AppIcon;
				ASSETCATALOG_COMPILER_GLOBAL_ACCENT_COLOR_NAME = AccentColor;
				CODE_SIGN_STYLE = Automatic;
				DEVELOPMENT_TEAM = 52TJ47J5R5;
				INFOPLIST_FILE = "$(SRCROOT)/ApplePodcastClone/Supporting Files/Info.plist";
				LD_RUNPATH_SEARCH_PATHS = (
					"$(inherited)",
					"@executable_path/Frameworks",
				);
				PRODUCT_BUNDLE_IDENTIFIER = com.nextgenesolutions.ApplePodcastClone;
				PRODUCT_NAME = "$(TARGET_NAME)";
				SWIFT_VERSION = 5.0;
				TARGETED_DEVICE_FAMILY = "1,2";
			};
			name = Release;
		};
		28414E472662870E0091EE03 /* Debug */ = {
			isa = XCBuildConfiguration;
			baseConfigurationReference = EDBF91E58B7E0C655C18BD24 /* Pods-ApplePodcastCloneTests.debug.xcconfig */;
			buildSettings = {
				ALWAYS_EMBED_SWIFT_STANDARD_LIBRARIES = YES;
				BUNDLE_LOADER = "$(TEST_HOST)";
				CODE_SIGN_STYLE = Automatic;
				DEVELOPMENT_TEAM = 52TJ47J5R5;
				INFOPLIST_FILE = ApplePodcastCloneTests/Info.plist;
				IPHONEOS_DEPLOYMENT_TARGET = 14.4;
				LD_RUNPATH_SEARCH_PATHS = (
					"$(inherited)",
					"@executable_path/Frameworks",
					"@loader_path/Frameworks",
				);
				PRODUCT_BUNDLE_IDENTIFIER = com.nextgenesolutions.ApplePodcastCloneTests;
				PRODUCT_NAME = "$(TARGET_NAME)";
				SWIFT_VERSION = 5.0;
				TARGETED_DEVICE_FAMILY = "1,2";
				TEST_HOST = "$(BUILT_PRODUCTS_DIR)/ApplePodcastClone.app/ApplePodcastClone";
			};
			name = Debug;
		};
		28414E482662870E0091EE03 /* Release */ = {
			isa = XCBuildConfiguration;
			baseConfigurationReference = 155A4DBBC2F055EEB686E7DF /* Pods-ApplePodcastCloneTests.release.xcconfig */;
			buildSettings = {
				ALWAYS_EMBED_SWIFT_STANDARD_LIBRARIES = YES;
				BUNDLE_LOADER = "$(TEST_HOST)";
				CODE_SIGN_STYLE = Automatic;
				DEVELOPMENT_TEAM = 52TJ47J5R5;
				INFOPLIST_FILE = ApplePodcastCloneTests/Info.plist;
				IPHONEOS_DEPLOYMENT_TARGET = 14.4;
				LD_RUNPATH_SEARCH_PATHS = (
					"$(inherited)",
					"@executable_path/Frameworks",
					"@loader_path/Frameworks",
				);
				PRODUCT_BUNDLE_IDENTIFIER = com.nextgenesolutions.ApplePodcastCloneTests;
				PRODUCT_NAME = "$(TARGET_NAME)";
				SWIFT_VERSION = 5.0;
				TARGETED_DEVICE_FAMILY = "1,2";
				TEST_HOST = "$(BUILT_PRODUCTS_DIR)/ApplePodcastClone.app/ApplePodcastClone";
			};
			name = Release;
		};
		28414E4A2662870E0091EE03 /* Debug */ = {
			isa = XCBuildConfiguration;
			baseConfigurationReference = A8420D768B2305ADB7E5A33D /* Pods-ApplePodcastClone-ApplePodcastCloneUITests.debug.xcconfig */;
			buildSettings = {
				ALWAYS_EMBED_SWIFT_STANDARD_LIBRARIES = YES;
				CODE_SIGN_STYLE = Automatic;
				DEVELOPMENT_TEAM = 52TJ47J5R5;
				INFOPLIST_FILE = ApplePodcastCloneUITests/Info.plist;
				LD_RUNPATH_SEARCH_PATHS = (
					"$(inherited)",
					"@executable_path/Frameworks",
					"@loader_path/Frameworks",
				);
				PRODUCT_BUNDLE_IDENTIFIER = com.nextgenesolutions.ApplePodcastCloneUITests;
				PRODUCT_NAME = "$(TARGET_NAME)";
				SWIFT_VERSION = 5.0;
				TARGETED_DEVICE_FAMILY = "1,2";
				TEST_TARGET_NAME = ApplePodcastClone;
			};
			name = Debug;
		};
		28414E4B2662870E0091EE03 /* Release */ = {
			isa = XCBuildConfiguration;
			baseConfigurationReference = D913EF96E15BB0A6633B5D5A /* Pods-ApplePodcastClone-ApplePodcastCloneUITests.release.xcconfig */;
			buildSettings = {
				ALWAYS_EMBED_SWIFT_STANDARD_LIBRARIES = YES;
				CODE_SIGN_STYLE = Automatic;
				DEVELOPMENT_TEAM = 52TJ47J5R5;
				INFOPLIST_FILE = ApplePodcastCloneUITests/Info.plist;
				LD_RUNPATH_SEARCH_PATHS = (
					"$(inherited)",
					"@executable_path/Frameworks",
					"@loader_path/Frameworks",
				);
				PRODUCT_BUNDLE_IDENTIFIER = com.nextgenesolutions.ApplePodcastCloneUITests;
				PRODUCT_NAME = "$(TARGET_NAME)";
				SWIFT_VERSION = 5.0;
				TARGETED_DEVICE_FAMILY = "1,2";
				TEST_TARGET_NAME = ApplePodcastClone;
			};
			name = Release;
		};
/* End XCBuildConfiguration section */

/* Begin XCConfigurationList section */
		28414E14266287040091EE03 /* Build configuration list for PBXProject "ApplePodcastClone" */ = {
			isa = XCConfigurationList;
			buildConfigurations = (
				28414E412662870E0091EE03 /* Debug */,
				28414E422662870E0091EE03 /* Release */,
			);
			defaultConfigurationIsVisible = 0;
			defaultConfigurationName = Release;
		};
		28414E432662870E0091EE03 /* Build configuration list for PBXNativeTarget "ApplePodcastClone" */ = {
			isa = XCConfigurationList;
			buildConfigurations = (
				28414E442662870E0091EE03 /* Debug */,
				28414E452662870E0091EE03 /* Release */,
			);
			defaultConfigurationIsVisible = 0;
			defaultConfigurationName = Release;
		};
		28414E462662870E0091EE03 /* Build configuration list for PBXNativeTarget "ApplePodcastCloneTests" */ = {
			isa = XCConfigurationList;
			buildConfigurations = (
				28414E472662870E0091EE03 /* Debug */,
				28414E482662870E0091EE03 /* Release */,
			);
			defaultConfigurationIsVisible = 0;
			defaultConfigurationName = Release;
		};
		28414E492662870E0091EE03 /* Build configuration list for PBXNativeTarget "ApplePodcastCloneUITests" */ = {
			isa = XCConfigurationList;
			buildConfigurations = (
				28414E4A2662870E0091EE03 /* Debug */,
				28414E4B2662870E0091EE03 /* Release */,
			);
			defaultConfigurationIsVisible = 0;
			defaultConfigurationName = Release;
		};
/* End XCConfigurationList section */

/* Begin XCRemoteSwiftPackageReference section */
		280BA0B62667D3A500FD380A /* XCRemoteSwiftPackageReference "SDWebImage" */ = {
			isa = XCRemoteSwiftPackageReference;
			repositoryURL = "https://github.com/SDWebImage/SDWebImage";
			requirement = {
				kind = upToNextMajorVersion;
				minimumVersion = 5.11.1;
			};
		};
		28BE18E9267518E3003C8C52 /* XCRemoteSwiftPackageReference "FeedKit" */ = {
			isa = XCRemoteSwiftPackageReference;
			repositoryURL = "https://github.com/nmdias/FeedKit.git";
			requirement = {
				kind = upToNextMajorVersion;
				minimumVersion = 9.1.2;
			};
		};
/* End XCRemoteSwiftPackageReference section */

/* Begin XCSwiftPackageProductDependency section */
		280BA0B72667D3A500FD380A /* SDWebImage */ = {
			isa = XCSwiftPackageProductDependency;
			package = 280BA0B62667D3A500FD380A /* XCRemoteSwiftPackageReference "SDWebImage" */;
			productName = SDWebImage;
		};
		28BE18EA267518E3003C8C52 /* FeedKit */ = {
			isa = XCSwiftPackageProductDependency;
			package = 28BE18E9267518E3003C8C52 /* XCRemoteSwiftPackageReference "FeedKit" */;
			productName = FeedKit;
		};
/* End XCSwiftPackageProductDependency section */
	};
	rootObject = 28414E11266287040091EE03 /* Project object */;
}
